
Microsoft Visual Studio Solution File, Format Version 12.00
# Visual Studio Version 16
VisualStudioVersion = 16.0.31424.327
MinimumVisualStudioVersion = 10.0.40219.1
Project("{FAE04EC0-301F-11D3-BF4B-00C04F79EFBC}") = "Extentions", "Extentions\Extentions.csproj", "{51917CF4-ADE0-4CBE-BE31-9B8B90AF8E95}"
EndProject
Global
	GlobalSection(SolutionConfigurationPlatforms) = preSolution
		Debug|Any CPU = Debug|Any CPU
		Release|Any CPU = Release|Any CPU
	EndGlobalSection
	GlobalSection(ProjectConfigurationPlatforms) = postSolution
		{51917CF4-ADE0-4CBE-BE31-9B8B90AF8E95}.Debug|Any CPU.ActiveCfg = Debug|Any CPU
		{51917CF4-ADE0-4CBE-BE31-9B8B90AF8E95}.Debug|Any CPU.Build.0 = Debug|Any CPU
		{51917CF4-ADE0-4CBE-BE31-9B8B90AF8E95}.Release|Any CPU.ActiveCfg = Release|Any CPU
		{51917CF4-ADE0-4CBE-BE31-9B8B90AF8E95}.Release|Any CPU.Build.0 = Release|Any CPU
	EndGlobalSection
	GlobalSection(SolutionProperties) = preSolution
		HideSolutionNode = FALSE
	EndGlobalSection
	GlobalSection(ExtensibilityGlobals) = postSolution
		SolutionGuid = {0946C8AA-3312-4513-BC86-86D988A1F08E}
	EndGlobalSection
EndGlobal
